// !$*UTF8*$!
{
	archiveVersion = 1;
	classes = {
	};
	objectVersion = 46;
	objects = {

/* Begin PBXBuildFile section */
		FFCA29AA1AEC47310096D2D9 /* RhineCoTests.m in Sources */ = {isa = PBXBuildFile; fileRef = FFCA29A91AEC47310096D2D9 /* RhineCoTests.m */; };
		FFCA29BC1AEC47D20096D2D9 /* AppDelegate.m in Sources */ = {isa = PBXBuildFile; fileRef = FFCA29B41AEC47D20096D2D9 /* AppDelegate.m */; };
		FFCA29BD1AEC47D20096D2D9 /* CMakeLists.txt in Resources */ = {isa = PBXBuildFile; fileRef = FFCA29B61AEC47D20096D2D9 /* CMakeLists.txt */; };
		FFCA29BE1AEC47D20096D2D9 /* Info.plist in Resources */ = {isa = PBXBuildFile; fileRef = FFCA29B71AEC47D20096D2D9 /* Info.plist */; };
		FFCA29BF1AEC47D20096D2D9 /* main.m in Sources */ = {isa = PBXBuildFile; fileRef = FFCA29B81AEC47D20096D2D9 /* main.m */; };
		FFCA29C01AEC47D20096D2D9 /* Main.xib in Resources */ = {isa = PBXBuildFile; fileRef = FFCA29B91AEC47D20096D2D9 /* Main.xib */; };
		FFCA29C11AEC47D20096D2D9 /* ViewController.m in Sources */ = {isa = PBXBuildFile; fileRef = FFCA29BB1AEC47D20096D2D9 /* ViewController.m */; };
/* End PBXBuildFile section */

/* Begin PBXContainerItemProxy section */
		FFCA29A41AEC47310096D2D9 /* PBXContainerItemProxy */ = {
			isa = PBXContainerItemProxy;
			containerPortal = FFCA29851AEC47300096D2D9 /* Project object */;
			proxyType = 1;
			remoteGlobalIDString = FFCA298C1AEC47300096D2D9;
			remoteInfo = RhineCo;
		};
/* End PBXContainerItemProxy section */

/* Begin PBXFileReference section */
		FFCA298D1AEC47300096D2D9 /* RhineCo.app */ = {isa = PBXFileReference; explicitFileType = wrapper.application; includeInIndex = 0; path = RhineCo.app; sourceTree = BUILT_PRODUCTS_DIR; };
		FFCA29A31AEC47310096D2D9 /* RhineCoTests.xctest */ = {isa = PBXFileReference; explicitFileType = wrapper.cfbundle; includeInIndex = 0; path = RhineCoTests.xctest; sourceTree = BUILT_PRODUCTS_DIR; };
		FFCA29A81AEC47310096D2D9 /* Info.plist */ = {isa = PBXFileReference; lastKnownFileType = text.plist.xml; path = Info.plist; sourceTree = "<group>"; };
		FFCA29A91AEC47310096D2D9 /* RhineCoTests.m */ = {isa = PBXFileReference; lastKnownFileType = sourcecode.c.objc; path = RhineCoTests.m; sourceTree = "<group>"; };
		FFCA29B31AEC47D20096D2D9 /* AppDelegate.h */ = {isa = PBXFileReference; fileEncoding = 4; lastKnownFileType = sourcecode.c.h; path = AppDelegate.h; sourceTree = SOURCE_ROOT; };
		FFCA29B41AEC47D20096D2D9 /* AppDelegate.m */ = {isa = PBXFileReference; fileEncoding = 4; lastKnownFileType = sourcecode.c.objc; path = AppDelegate.m; sourceTree = SOURCE_ROOT; };
		FFCA29B51AEC47D20096D2D9 /* Bridge.h */ = {isa = PBXFileReference; fileEncoding = 4; lastKnownFileType = sourcecode.c.h; path = Bridge.h; sourceTree = SOURCE_ROOT; };
		FFCA29B61AEC47D20096D2D9 /* CMakeLists.txt */ = {isa = PBXFileReference; fileEncoding = 4; lastKnownFileType = text; path = CMakeLists.txt; sourceTree = SOURCE_ROOT; };
		FFCA29B71AEC47D20096D2D9 /* Info.plist */ = {isa = PBXFileReference; fileEncoding = 4; lastKnownFileType = text.plist.xml; path = Info.plist; sourceTree = SOURCE_ROOT; };
		FFCA29B81AEC47D20096D2D9 /* main.m */ = {isa = PBXFileReference; fileEncoding = 4; lastKnownFileType = sourcecode.c.objc; path = main.m; sourceTree = SOURCE_ROOT; };
		FFCA29B91AEC47D20096D2D9 /* Main.xib */ = {isa = PBXFileReference; fileEncoding = 4; lastKnownFileType = file.xib; path = Main.xib; sourceTree = SOURCE_ROOT; };
		FFCA29BA1AEC47D20096D2D9 /* ViewController.h */ = {isa = PBXFileReference; fileEncoding = 4; lastKnownFileType = sourcecode.c.h; path = ViewController.h; sourceTree = SOURCE_ROOT; };
		FFCA29BB1AEC47D20096D2D9 /* ViewController.m */ = {isa = PBXFileReference; fileEncoding = 4; lastKnownFileType = sourcecode.c.objc; path = ViewController.m; sourceTree = SOURCE_ROOT; };
/* End PBXFileReference section */

/* Begin PBXFrameworksBuildPhase section */
		FFCA298A1AEC47300096D2D9 /* Frameworks */ = {
			isa = PBXFrameworksBuildPhase;
			buildActionMask = 2147483647;
			files = (
			);
			runOnlyForDeploymentPostprocessing = 0;
		};
		FFCA29A01AEC47310096D2D9 /* Frameworks */ = {
			isa = PBXFrameworksBuildPhase;
			buildActionMask = 2147483647;
			files = (
			);
			runOnlyForDeploymentPostprocessing = 0;
		};
/* End PBXFrameworksBuildPhase section */

/* Begin PBXGroup section */
		FFCA29841AEC47300096D2D9 = {
			isa = PBXGroup;
			children = (
				FFCA298F1AEC47300096D2D9 /* RhineCo */,
				FFCA29A61AEC47310096D2D9 /* RhineCoTests */,
				FFCA298E1AEC47300096D2D9 /* Products */,
			);
			sourceTree = "<group>";
		};
		FFCA298E1AEC47300096D2D9 /* Products */ = {
			isa = PBXGroup;
			children = (
				FFCA298D1AEC47300096D2D9 /* RhineCo.app */,
				FFCA29A31AEC47310096D2D9 /* RhineCoTests.xctest */,
			);
			name = Products;
			sourceTree = "<group>";
		};
		FFCA298F1AEC47300096D2D9 /* RhineCo */ = {
			isa = PBXGroup;
			children = (
				FFCA29B31AEC47D20096D2D9 /* AppDelegate.h */,
				FFCA29B41AEC47D20096D2D9 /* AppDelegate.m */,
				FFCA29B51AEC47D20096D2D9 /* Bridge.h */,
				FFCA29B61AEC47D20096D2D9 /* CMakeLists.txt */,
				FFCA29B71AEC47D20096D2D9 /* Info.plist */,
				FFCA29B81AEC47D20096D2D9 /* main.m */,
				FFCA29B91AEC47D20096D2D9 /* Main.xib */,
				FFCA29BA1AEC47D20096D2D9 /* ViewController.h */,
				FFCA29BB1AEC47D20096D2D9 /* ViewController.m */,
			);
			path = RhineCo;
			sourceTree = "<group>";
		};
		FFCA29A61AEC47310096D2D9 /* RhineCoTests */ = {
			isa = PBXGroup;
			children = (
				FFCA29A91AEC47310096D2D9 /* RhineCoTests.m */,
				FFCA29A71AEC47310096D2D9 /* Supporting Files */,
			);
			path = RhineCoTests;
			sourceTree = "<group>";
		};
		FFCA29A71AEC47310096D2D9 /* Supporting Files */ = {
			isa = PBXGroup;
			children = (
				FFCA29A81AEC47310096D2D9 /* Info.plist */,
			);
			name = "Supporting Files";
			sourceTree = "<group>";
		};
/* End PBXGroup section */

/* Begin PBXNativeTarget section */
		FFCA298C1AEC47300096D2D9 /* RhineCo */ = {
			isa = PBXNativeTarget;
			buildConfigurationList = FFCA29AD1AEC47310096D2D9 /* Build configuration list for PBXNativeTarget "RhineCo" */;
			buildPhases = (
				FFCA29891AEC47300096D2D9 /* Sources */,
				FFCA298A1AEC47300096D2D9 /* Frameworks */,
				FFCA298B1AEC47300096D2D9 /* Resources */,
			);
			buildRules = (
			);
			dependencies = (
			);
			name = RhineCo;
			productName = RhineCo;
			productReference = FFCA298D1AEC47300096D2D9 /* RhineCo.app */;
			productType = "com.apple.product-type.application";
		};
		FFCA29A21AEC47310096D2D9 /* RhineCoTests */ = {
			isa = PBXNativeTarget;
			buildConfigurationList = FFCA29B01AEC47310096D2D9 /* Build configuration list for PBXNativeTarget "RhineCoTests" */;
			buildPhases = (
				FFCA299F1AEC47310096D2D9 /* Sources */,
				FFCA29A01AEC47310096D2D9 /* Frameworks */,
				FFCA29A11AEC47310096D2D9 /* Resources */,
			);
			buildRules = (
			);
			dependencies = (
				FFCA29A51AEC47310096D2D9 /* PBXTargetDependency */,
			);
			name = RhineCoTests;
			productName = RhineCoTests;
			productReference = FFCA29A31AEC47310096D2D9 /* RhineCoTests.xctest */;
			productType = "com.apple.product-type.bundle.unit-test";
		};
/* End PBXNativeTarget section */

/* Begin PBXProject section */
		FFCA29851AEC47300096D2D9 /* Project object */ = {
			isa = PBXProject;
			attributes = {
				LastUpgradeCheck = 0630;
				ORGANIZATIONNAME = "Ramkumar Ramachandra";
				TargetAttributes = {
					FFCA298C1AEC47300096D2D9 = {
						CreatedOnToolsVersion = 6.3;
					};
					FFCA29A21AEC47310096D2D9 = {
						CreatedOnToolsVersion = 6.3;
						TestTargetID = FFCA298C1AEC47300096D2D9;
					};
				};
			};
			buildConfigurationList = FFCA29881AEC47300096D2D9 /* Build configuration list for PBXProject "RhineCo" */;
			compatibilityVersion = "Xcode 3.2";
			developmentRegion = English;
			hasScannedForEncodings = 0;
			knownRegions = (
				en,
				Base,
			);
			mainGroup = FFCA29841AEC47300096D2D9;
			productRefGroup = FFCA298E1AEC47300096D2D9 /* Products */;
			projectDirPath = "";
			projectRoot = "";
			targets = (
				FFCA298C1AEC47300096D2D9 /* RhineCo */,
				FFCA29A21AEC47310096D2D9 /* RhineCoTests */,
			);
		};
/* End PBXProject section */

/* Begin PBXResourcesBuildPhase section */
		FFCA298B1AEC47300096D2D9 /* Resources */ = {
			isa = PBXResourcesBuildPhase;
			buildActionMask = 2147483647;
			files = (
				FFCA29BE1AEC47D20096D2D9 /* Info.plist in Resources */,
				FFCA29C01AEC47D20096D2D9 /* Main.xib in Resources */,
				FFCA29BD1AEC47D20096D2D9 /* CMakeLists.txt in Resources */,
			);
			runOnlyForDeploymentPostprocessing = 0;
		};
		FFCA29A11AEC47310096D2D9 /* Resources */ = {
			isa = PBXResourcesBuildPhase;
			buildActionMask = 2147483647;
			files = (
			);
			runOnlyForDeploymentPostprocessing = 0;
		};
/* End PBXResourcesBuildPhase section */

/* Begin PBXSourcesBuildPhase section */
		FFCA29891AEC47300096D2D9 /* Sources */ = {
			isa = PBXSourcesBuildPhase;
			buildActionMask = 2147483647;
			files = (
				FFCA29C11AEC47D20096D2D9 /* ViewController.m in Sources */,
				FFCA29BF1AEC47D20096D2D9 /* main.m in Sources */,
				FFCA29BC1AEC47D20096D2D9 /* AppDelegate.m in Sources */,
			);
			runOnlyForDeploymentPostprocessing = 0;
		};
		FFCA299F1AEC47310096D2D9 /* Sources */ = {
			isa = PBXSourcesBuildPhase;
			buildActionMask = 2147483647;
			files = (
				FFCA29AA1AEC47310096D2D9 /* RhineCoTests.m in Sources */,
			);
			runOnlyForDeploymentPostprocessing = 0;
		};
/* End PBXSourcesBuildPhase section */

/* Begin PBXTargetDependency section */
		FFCA29A51AEC47310096D2D9 /* PBXTargetDependency */ = {
			isa = PBXTargetDependency;
			target = FFCA298C1AEC47300096D2D9 /* RhineCo */;
			targetProxy = FFCA29A41AEC47310096D2D9 /* PBXContainerItemProxy */;
		};
/* End PBXTargetDependency section */

/* Begin XCBuildConfiguration section */
		FFCA29AB1AEC47310096D2D9 /* Debug */ = {
			isa = XCBuildConfiguration;
			buildSettings = {
				ALWAYS_SEARCH_USER_PATHS = NO;
				CLANG_CXX_LANGUAGE_STANDARD = "gnu++0x";
				CLANG_CXX_LIBRARY = "libc++";
				CLANG_ENABLE_MODULES = YES;
				CLANG_ENABLE_OBJC_ARC = YES;
				CLANG_WARN_BOOL_CONVERSION = YES;
				CLANG_WARN_CONSTANT_CONVERSION = YES;
				CLANG_WARN_DIRECT_OBJC_ISA_USAGE = YES_ERROR;
				CLANG_WARN_EMPTY_BODY = YES;
				CLANG_WARN_ENUM_CONVERSION = YES;
				CLANG_WARN_INT_CONVERSION = YES;
				CLANG_WARN_OBJC_ROOT_CLASS = YES_ERROR;
				CLANG_WARN_UNREACHABLE_CODE = YES;
				CLANG_WARN__DUPLICATE_METHOD_MATCH = YES;
				CODE_SIGN_IDENTITY = "-";
				COPY_PHASE_STRIP = NO;
				DEBUG_INFORMATION_FORMAT = dwarf;
				ENABLE_STRICT_OBJC_MSGSEND = YES;
				GCC_C_LANGUAGE_STANDARD = gnu99;
				GCC_DYNAMIC_NO_PIC = NO;
				GCC_NO_COMMON_BLOCKS = YES;
				GCC_OPTIMIZATION_LEVEL = 0;
				GCC_PREPROCESSOR_DEFINITIONS = (
					"DEBUG=1",
					"$(inherited)",
				);
				GCC_SYMBOLS_PRIVATE_EXTERN = NO;
				GCC_WARN_64_TO_32_BIT_CONVERSION = YES;
				GCC_WARN_ABOUT_RETURN_TYPE = YES_ERROR;
				GCC_WARN_UNDECLARED_SELECTOR = YES;
				GCC_WARN_UNINITIALIZED_AUTOS = YES_AGGRESSIVE;
				GCC_WARN_UNUSED_FUNCTION = YES;
				GCC_WARN_UNUSED_VARIABLE = YES;
				MACOSX_DEPLOYMENT_TARGET = 10.10;
				MTL_ENABLE_DEBUG_INFO = YES;
				ONLY_ACTIVE_ARCH = YES;
				SDKROOT = macosx;
			};
			name = Debug;
		};
		FFCA29AC1AEC47310096D2D9 /* Release */ = {
			isa = XCBuildConfiguration;
			buildSettings = {
				ALWAYS_SEARCH_USER_PATHS = NO;
				CLANG_CXX_LANGUAGE_STANDARD = "gnu++0x";
				CLANG_CXX_LIBRARY = "libc++";
				CLANG_ENABLE_MODULES = YES;
				CLANG_ENABLE_OBJC_ARC = YES;
				CLANG_WARN_BOOL_CONVERSION = YES;
				CLANG_WARN_CONSTANT_CONVERSION = YES;
				CLANG_WARN_DIRECT_OBJC_ISA_USAGE = YES_ERROR;
				CLANG_WARN_EMPTY_BODY = YES;
				CLANG_WARN_ENUM_CONVERSION = YES;
				CLANG_WARN_INT_CONVERSION = YES;
				CLANG_WARN_OBJC_ROOT_CLASS = YES_ERROR;
				CLANG_WARN_UNREACHABLE_CODE = YES;
				CLANG_WARN__DUPLICATE_METHOD_MATCH = YES;
				CODE_SIGN_IDENTITY = "-";
				COPY_PHASE_STRIP = NO;
				DEBUG_INFORMATION_FORMAT = "dwarf-with-dsym";
				ENABLE_NS_ASSERTIONS = NO;
				ENABLE_STRICT_OBJC_MSGSEND = YES;
				GCC_C_LANGUAGE_STANDARD = gnu99;
				GCC_NO_COMMON_BLOCKS = YES;
				GCC_WARN_64_TO_32_BIT_CONVERSION = YES;
				GCC_WARN_ABOUT_RETURN_TYPE = YES_ERROR;
				GCC_WARN_UNDECLARED_SELECTOR = YES;
				GCC_WARN_UNINITIALIZED_AUTOS = YES_AGGRESSIVE;
				GCC_WARN_UNUSED_FUNCTION = YES;
				GCC_WARN_UNUSED_VARIABLE = YES;
				MACOSX_DEPLOYMENT_TARGET = 10.10;
				MTL_ENABLE_DEBUG_INFO = NO;
				SDKROOT = macosx;
			};
			name = Release;
		};
		FFCA29AE1AEC47310096D2D9 /* Debug */ = {
			isa = XCBuildConfiguration;
			buildSettings = {
				ASSETCATALOG_COMPILER_APPICON_NAME = AppIcon;
				COMBINE_HIDPI_IMAGES = YES;
				INFOPLIST_FILE = "$(SRCROOT)/Info.plist";
				LD_RUNPATH_SEARCH_PATHS = "$(inherited) @executable_path/../Frameworks";
				PRODUCT_NAME = "$(TARGET_NAME)";
			};
			name = Debug;
		};
		FFCA29AF1AEC47310096D2D9 /* Release */ = {
			isa = XCBuildConfiguration;
			buildSettings = {
				ASSETCATALOG_COMPILER_APPICON_NAME = AppIcon;
				COMBINE_HIDPI_IMAGES = YES;
				INFOPLIST_FILE = "$(SRCROOT)/Info.plist";
				LD_RUNPATH_SEARCH_PATHS = "$(inherited) @executable_path/../Frameworks";
				PRODUCT_NAME = "$(TARGET_NAME)";
			};
			name = Release;
		};
		FFCA29B11AEC47310096D2D9 /* Debug */ = {
			isa = XCBuildConfiguration;
			buildSettings = {
				BUNDLE_LOADER = "$(TEST_HOST)";
				COMBINE_HIDPI_IMAGES = YES;
				FRAMEWORK_SEARCH_PATHS = (
					"$(DEVELOPER_FRAMEWORKS_DIR)",
					"$(inherited)",
				);
				GCC_PREPROCESSOR_DEFINITIONS = (
					"DEBUG=1",
					"$(inherited)",
				);
				INFOPLIST_FILE = RhineCoTests/Info.plist;
				LD_RUNPATH_SEARCH_PATHS = "$(inherited) @executable_path/../Frameworks @loader_path/../Frameworks";
				PRODUCT_NAME = "$(TARGET_NAME)";
				TEST_HOST = "$(BUILT_PRODUCTS_DIR)/RhineCo.app/Contents/MacOS/RhineCo";
			};
			name = Debug;
		};
		FFCA29B21AEC47310096D2D9 /* Release */ = {
			isa = XCBuildConfiguration;
			buildSettings = {
				BUNDLE_LOADER = "$(TEST_HOST)";
				COMBINE_HIDPI_IMAGES = YES;
				FRAMEWORK_SEARCH_PATHS = (
					"$(DEVELOPER_FRAMEWORKS_DIR)",
					"$(inherited)",
				);
				INFOPLIST_FILE = RhineCoTests/Info.plist;
				LD_RUNPATH_SEARCH_PATHS = "$(inherited) @executable_path/../Frameworks @loader_path/../Frameworks";
				PRODUCT_NAME = "$(TARGET_NAME)";
				TEST_HOST = "$(BUILT_PRODUCTS_DIR)/RhineCo.app/Contents/MacOS/RhineCo";
			};
			name = Release;
		};
/* End XCBuildConfiguration section */

/* Begin XCConfigurationList section */
		FFCA29881AEC47300096D2D9 /* Build configuration list for PBXProject "RhineCo" */ = {
			isa = XCConfigurationList;
			buildConfigurations = (
				FFCA29AB1AEC47310096D2D9 /* Debug */,
				FFCA29AC1AEC47310096D2D9 /* Release */,
			);
			defaultConfigurationIsVisible = 0;
			defaultConfigurationName = Release;
		};
		FFCA29AD1AEC47310096D2D9 /* Build configuration list for PBXNativeTarget "RhineCo" */ = {
			isa = XCConfigurationList;
			buildConfigurations = (
				FFCA29AE1AEC47310096D2D9 /* Debug */,
				FFCA29AF1AEC47310096D2D9 /* Release */,
			);
			defaultConfigurationIsVisible = 0;
			defaultConfigurationName = Release;
		};
		FFCA29B01AEC47310096D2D9 /* Build configuration list for PBXNativeTarget "RhineCoTests" */ = {
			isa = XCConfigurationList;
			buildConfigurations = (
				FFCA29B11AEC47310096D2D9 /* Debug */,
				FFCA29B21AEC47310096D2D9 /* Release */,
			);
			defaultConfigurationIsVisible = 0;
			defaultConfigurationName = Release;
		};
/* End XCConfigurationList section */
	};
	rootObject = FFCA29851AEC47300096D2D9 /* Project object */;
}
